
Microsoft Visual Studio Solution File, Format Version 12.00
# Visual Studio Version 16
VisualStudioVersion = 16.0.29418.71
MinimumVisualStudioVersion = 10.0.40219.1
Project("{FAE04EC0-301F-11D3-BF4B-00C04F79EFBC}") = "ImageDirDiff", "ImageDirDiff\ImageDirDiff.csproj", "{0230594F-3099-48E1-8CAB-EABA9D3F1749}"
EndProject
Global
	GlobalSection(SolutionConfigurationPlatforms) = preSolution
		Debug|Any CPU = Debug|Any CPU
		Release|Any CPU = Release|Any CPU
	EndGlobalSection
	GlobalSection(ProjectConfigurationPlatforms) = postSolution
		{0230594F-3099-48E1-8CAB-EABA9D3F1749}.Debug|Any CPU.ActiveCfg = Debug|Any CPU
		{0230594F-3099-48E1-8CAB-EABA9D3F1749}.Debug|Any CPU.Build.0 = Debug|Any CPU
		{0230594F-3099-48E1-8CAB-EABA9D3F1749}.Release|Any CPU.ActiveCfg = Release|Any CPU
		{0230594F-3099-48E1-8CAB-EABA9D3F1749}.Release|Any CPU.Build.0 = Release|Any CPU
	EndGlobalSection
	GlobalSection(SolutionProperties) = preSolution
		HideSolutionNode = FALSE
	EndGlobalSection
	GlobalSection(ExtensibilityGlobals) = postSolution
		SolutionGuid = {E9D24C92-ECC7-49E6-8F73-24C0292A8545}
	EndGlobalSection
EndGlobal
